
Microsoft Visual Studio Solution File, Format Version 12.00
# Visual Studio Version 16
VisualStudioVersion = 16.0.30717.126
MinimumVisualStudioVersion = 10.0.40219.1
Project("{9A19103F-16F7-4668-BE54-9A1E7A4F7556}") = "API_UsuariosPosts", "API_UsuariosPosts\API_UsuariosPosts.csproj", "{28547B02-7DC9-40C1-971D-88D199C8CC5A}"
EndProject
Project("{FAE04EC0-301F-11D3-BF4B-00C04F79EFBC}") = "CDataAccess", "DataAccess\CDataAccess.csproj", "{22895FE7-1E92-4C94-BC6A-332EE80BB10B}"
EndProject
Project("{FAE04EC0-301F-11D3-BF4B-00C04F79EFBC}") = "CModels", "CModels\CModels.csproj", "{C31905F0-2687-4E42-B443-90915B8F2FEB}"
EndProject
Global
	GlobalSection(SolutionConfigurationPlatforms) = preSolution
		Debug|Any CPU = Debug|Any CPU
		Release|Any CPU = Release|Any CPU
	EndGlobalSection
	GlobalSection(ProjectConfigurationPlatforms) = postSolution
		{28547B02-7DC9-40C1-971D-88D199C8CC5A}.Debug|Any CPU.ActiveCfg = Debug|Any CPU
		{28547B02-7DC9-40C1-971D-88D199C8CC5A}.Debug|Any CPU.Build.0 = Debug|Any CPU
		{28547B02-7DC9-40C1-971D-88D199C8CC5A}.Release|Any CPU.ActiveCfg = Release|Any CPU
		{28547B02-7DC9-40C1-971D-88D199C8CC5A}.Release|Any CPU.Build.0 = Release|Any CPU
		{22895FE7-1E92-4C94-BC6A-332EE80BB10B}.Debug|Any CPU.ActiveCfg = Debug|Any CPU
		{22895FE7-1E92-4C94-BC6A-332EE80BB10B}.Debug|Any CPU.Build.0 = Debug|Any CPU
		{22895FE7-1E92-4C94-BC6A-332EE80BB10B}.Release|Any CPU.ActiveCfg = Release|Any CPU
		{22895FE7-1E92-4C94-BC6A-332EE80BB10B}.Release|Any CPU.Build.0 = Release|Any CPU
		{C31905F0-2687-4E42-B443-90915B8F2FEB}.Debug|Any CPU.ActiveCfg = Debug|Any CPU
		{C31905F0-2687-4E42-B443-90915B8F2FEB}.Debug|Any CPU.Build.0 = Debug|Any CPU
		{C31905F0-2687-4E42-B443-90915B8F2FEB}.Release|Any CPU.ActiveCfg = Release|Any CPU
		{C31905F0-2687-4E42-B443-90915B8F2FEB}.Release|Any CPU.Build.0 = Release|Any CPU
	EndGlobalSection
	GlobalSection(SolutionProperties) = preSolution
		HideSolutionNode = FALSE
	EndGlobalSection
	GlobalSection(ExtensibilityGlobals) = postSolution
		SolutionGuid = {A59F370E-BB33-4CB2-BFC7-17D89FB0EF9F}
	EndGlobalSection
EndGlobal
